
Microsoft Visual Studio Solution File, Format Version 12.00
# Visual Studio Version 17
VisualStudioVersion = 17.10.35122.118
MinimumVisualStudioVersion = 10.0.40219.1
Project("{9A19103F-16F7-4668-BE54-9A1E7A4F7556}") = "Demo.PL", "Demo.PL\Demo.PL.csproj", "{BF951759-F415-45B1-BA5A-85C057C3D110}"
EndProject
Project("{9A19103F-16F7-4668-BE54-9A1E7A4F7556}") = "Demo.DAL", "Demo.DAL\Demo.DAL.csproj", "{A047A2FF-963D-4281-A282-75562B3ADBE1}"
EndProject
Project("{9A19103F-16F7-4668-BE54-9A1E7A4F7556}") = "Demo.BLL", "Demo.BLL\Demo.BLL.csproj", "{6A217B6C-88A5-44F0-ADD3-9C86C0B305BD}"
EndProject
Global
	GlobalSection(SolutionConfigurationPlatforms) = preSolution
		Debug|Any CPU = Debug|Any CPU
		Release|Any CPU = Release|Any CPU
	EndGlobalSection
	GlobalSection(ProjectConfigurationPlatforms) = postSolution
		{BF951759-F415-45B1-BA5A-85C057C3D110}.Debug|Any CPU.ActiveCfg = Debug|Any CPU
		{BF951759-F415-45B1-BA5A-85C057C3D110}.Debug|Any CPU.Build.0 = Debug|Any CPU
		{BF951759-F415-45B1-BA5A-85C057C3D110}.Release|Any CPU.ActiveCfg = Release|Any CPU
		{BF951759-F415-45B1-BA5A-85C057C3D110}.Release|Any CPU.Build.0 = Release|Any CPU
		{A047A2FF-963D-4281-A282-75562B3ADBE1}.Debug|Any CPU.ActiveCfg = Debug|Any CPU
		{A047A2FF-963D-4281-A282-75562B3ADBE1}.Debug|Any CPU.Build.0 = Debug|Any CPU
		{A047A2FF-963D-4281-A282-75562B3ADBE1}.Release|Any CPU.ActiveCfg = Release|Any CPU
		{A047A2FF-963D-4281-A282-75562B3ADBE1}.Release|Any CPU.Build.0 = Release|Any CPU
		{6A217B6C-88A5-44F0-ADD3-9C86C0B305BD}.Debug|Any CPU.ActiveCfg = Debug|Any CPU
		{6A217B6C-88A5-44F0-ADD3-9C86C0B305BD}.Debug|Any CPU.Build.0 = Debug|Any CPU
		{6A217B6C-88A5-44F0-ADD3-9C86C0B305BD}.Release|Any CPU.ActiveCfg = Release|Any CPU
		{6A217B6C-88A5-44F0-ADD3-9C86C0B305BD}.Release|Any CPU.Build.0 = Release|Any CPU
	EndGlobalSection
	GlobalSection(SolutionProperties) = preSolution
		HideSolutionNode = FALSE
	EndGlobalSection
	GlobalSection(ExtensibilityGlobals) = postSolution
		SolutionGuid = {859DF350-9858-4835-BBF1-1D5445C198AB}
	EndGlobalSection
EndGlobal
